
Microsoft Visual Studio Solution File, Format Version 12.00
# Visual Studio Version 16
VisualStudioVersion = 16.0.30104.148
MinimumVisualStudioVersion = 10.0.40219.1
Project("{FAE04EC0-301F-11D3-BF4B-00C04F79EFBC}") = "Z52_F", "Z52_F\Z52_F.csproj", "{791CCE1F-C7E8-4322-B3D4-98AF9201B1E5}"
EndProject
Project("{FAE04EC0-301F-11D3-BF4B-00C04F79EFBC}") = "MyTools", "MyTools\MyTools.csproj", "{FABC8058-7141-466D-9C02-A923EC1F9143}"
EndProject
Project("{FAE04EC0-301F-11D3-BF4B-00C04F79EFBC}") = "WorkerDll", "WorkersDll\WorkerDll.csproj", "{F551CF39-5150-475D-B1B1-B45D4F8B48B6}"
EndProject
Global
	GlobalSection(SolutionConfigurationPlatforms) = preSolution
		Debug|Any CPU = Debug|Any CPU
		Release|Any CPU = Release|Any CPU
	EndGlobalSection
	GlobalSection(ProjectConfigurationPlatforms) = postSolution
		{791CCE1F-C7E8-4322-B3D4-98AF9201B1E5}.Debug|Any CPU.ActiveCfg = Debug|Any CPU
		{791CCE1F-C7E8-4322-B3D4-98AF9201B1E5}.Debug|Any CPU.Build.0 = Debug|Any CPU
		{791CCE1F-C7E8-4322-B3D4-98AF9201B1E5}.Release|Any CPU.ActiveCfg = Release|Any CPU
		{791CCE1F-C7E8-4322-B3D4-98AF9201B1E5}.Release|Any CPU.Build.0 = Release|Any CPU
		{FABC8058-7141-466D-9C02-A923EC1F9143}.Debug|Any CPU.ActiveCfg = Debug|Any CPU
		{FABC8058-7141-466D-9C02-A923EC1F9143}.Debug|Any CPU.Build.0 = Debug|Any CPU
		{FABC8058-7141-466D-9C02-A923EC1F9143}.Release|Any CPU.ActiveCfg = Release|Any CPU
		{FABC8058-7141-466D-9C02-A923EC1F9143}.Release|Any CPU.Build.0 = Release|Any CPU
		{F551CF39-5150-475D-B1B1-B45D4F8B48B6}.Debug|Any CPU.ActiveCfg = Debug|Any CPU
		{F551CF39-5150-475D-B1B1-B45D4F8B48B6}.Debug|Any CPU.Build.0 = Debug|Any CPU
		{F551CF39-5150-475D-B1B1-B45D4F8B48B6}.Release|Any CPU.ActiveCfg = Release|Any CPU
		{F551CF39-5150-475D-B1B1-B45D4F8B48B6}.Release|Any CPU.Build.0 = Release|Any CPU
	EndGlobalSection
	GlobalSection(SolutionProperties) = preSolution
		HideSolutionNode = FALSE
	EndGlobalSection
	GlobalSection(ExtensibilityGlobals) = postSolution
		SolutionGuid = {14B3AA9E-6B6C-454C-81A4-BA341D82B1CC}
	EndGlobalSection
EndGlobal
